
Microsoft Visual Studio Solution File, Format Version 12.00
# Visual Studio Version 17
VisualStudioVersion = 17.4.33103.184
MinimumVisualStudioVersion = 10.0.40219.1
Project("{9A19103F-16F7-4668-BE54-9A1E7A4F7556}") = "Coree", "Coree\Coree.csproj", "{2EDFF1B3-A326-4FC9-8809-D67F4FE0A996}"
EndProject
Project("{9A19103F-16F7-4668-BE54-9A1E7A4F7556}") = "Coree.Extensions", "Coree.Extensions\Coree.Extensions.csproj", "{D21765BE-994B-4BA0-9CB7-CB8CA1C8053F}"
EndProject
Project("{2150E333-8FDC-42A3-9474-1A3956D46DE8}") = "Solution Items", "Solution Items", "{983B312B-3AE2-4BC6-927C-F957186731A1}"
	ProjectSection(SolutionItems) = preProject
		README.md = README.md
	EndProjectSection
EndProject
Project("{FAE04EC0-301F-11D3-BF4B-00C04F79EFBC}") = "Coree.Services", "Coree.Services\Coree.Services.csproj", "{69E0182E-295D-414B-B2DD-1960E0D66A3A}"
EndProject
Global
	GlobalSection(SolutionConfigurationPlatforms) = preSolution
		Debug|Any CPU = Debug|Any CPU
		PushLocal|Any CPU = PushLocal|Any CPU
		PushMeta|Any CPU = PushMeta|Any CPU
		PushNuget|Any CPU = PushNuget|Any CPU
		Release|Any CPU = Release|Any CPU
	EndGlobalSection
	GlobalSection(ProjectConfigurationPlatforms) = postSolution
		{2EDFF1B3-A326-4FC9-8809-D67F4FE0A996}.Debug|Any CPU.ActiveCfg = Debug|Any CPU
		{2EDFF1B3-A326-4FC9-8809-D67F4FE0A996}.Debug|Any CPU.Build.0 = Debug|Any CPU
		{2EDFF1B3-A326-4FC9-8809-D67F4FE0A996}.PushLocal|Any CPU.ActiveCfg = PushLocal|Any CPU
		{2EDFF1B3-A326-4FC9-8809-D67F4FE0A996}.PushLocal|Any CPU.Build.0 = PushLocal|Any CPU
		{2EDFF1B3-A326-4FC9-8809-D67F4FE0A996}.PushMeta|Any CPU.ActiveCfg = PushMeta|Any CPU
		{2EDFF1B3-A326-4FC9-8809-D67F4FE0A996}.PushMeta|Any CPU.Build.0 = PushMeta|Any CPU
		{2EDFF1B3-A326-4FC9-8809-D67F4FE0A996}.PushNuget|Any CPU.ActiveCfg = PushNuget|Any CPU
		{2EDFF1B3-A326-4FC9-8809-D67F4FE0A996}.Release|Any CPU.ActiveCfg = Release|Any CPU
		{2EDFF1B3-A326-4FC9-8809-D67F4FE0A996}.Release|Any CPU.Build.0 = Release|Any CPU
		{D21765BE-994B-4BA0-9CB7-CB8CA1C8053F}.Debug|Any CPU.ActiveCfg = Debug|Any CPU
		{D21765BE-994B-4BA0-9CB7-CB8CA1C8053F}.Debug|Any CPU.Build.0 = Debug|Any CPU
		{D21765BE-994B-4BA0-9CB7-CB8CA1C8053F}.PushLocal|Any CPU.ActiveCfg = PushLocal|Any CPU
		{D21765BE-994B-4BA0-9CB7-CB8CA1C8053F}.PushLocal|Any CPU.Build.0 = PushLocal|Any CPU
		{D21765BE-994B-4BA0-9CB7-CB8CA1C8053F}.PushMeta|Any CPU.ActiveCfg = PushMeta|Any CPU
		{D21765BE-994B-4BA0-9CB7-CB8CA1C8053F}.PushNuget|Any CPU.ActiveCfg = PushNuget|Any CPU
		{D21765BE-994B-4BA0-9CB7-CB8CA1C8053F}.PushNuget|Any CPU.Build.0 = PushNuget|Any CPU
		{D21765BE-994B-4BA0-9CB7-CB8CA1C8053F}.Release|Any CPU.ActiveCfg = Release|Any CPU
		{D21765BE-994B-4BA0-9CB7-CB8CA1C8053F}.Release|Any CPU.Build.0 = Release|Any CPU
		{69E0182E-295D-414B-B2DD-1960E0D66A3A}.Debug|Any CPU.ActiveCfg = Debug|Any CPU
		{69E0182E-295D-414B-B2DD-1960E0D66A3A}.Debug|Any CPU.Build.0 = Debug|Any CPU
		{69E0182E-295D-414B-B2DD-1960E0D66A3A}.PushLocal|Any CPU.ActiveCfg = PushLocal|Any CPU
		{69E0182E-295D-414B-B2DD-1960E0D66A3A}.PushLocal|Any CPU.Build.0 = PushLocal|Any CPU
		{69E0182E-295D-414B-B2DD-1960E0D66A3A}.PushMeta|Any CPU.ActiveCfg = PushMeta|Any CPU
		{69E0182E-295D-414B-B2DD-1960E0D66A3A}.PushNuget|Any CPU.ActiveCfg = PushNuget|Any CPU
		{69E0182E-295D-414B-B2DD-1960E0D66A3A}.PushNuget|Any CPU.Build.0 = PushNuget|Any CPU
		{69E0182E-295D-414B-B2DD-1960E0D66A3A}.Release|Any CPU.ActiveCfg = Release|Any CPU
		{69E0182E-295D-414B-B2DD-1960E0D66A3A}.Release|Any CPU.Build.0 = Release|Any CPU
	EndGlobalSection
	GlobalSection(SolutionProperties) = preSolution
		HideSolutionNode = FALSE
	EndGlobalSection
	GlobalSection(ExtensibilityGlobals) = postSolution
		SolutionGuid = {366561CE-7FF8-4615-907A-2070ADBF612A}
	EndGlobalSection
EndGlobal
