
Microsoft Visual Studio Solution File, Format Version 12.00
# Visual Studio Version 17
VisualStudioVersion = 17.4.33103.184
MinimumVisualStudioVersion = 10.0.40219.1
Project("{9A19103F-16F7-4668-BE54-9A1E7A4F7556}") = "Coree.Services", "Coree.Services.csproj", "{2B58E3FE-3CB8-4B8F-821C-FAD532DC6AB9}"
EndProject
Global
	GlobalSection(SolutionConfigurationPlatforms) = preSolution
		Debug|Any CPU = Debug|Any CPU
		PushDebugLocal|Any CPU = PushDebugLocal|Any CPU
		PushReleaseNuget|Any CPU = PushReleaseNuget|Any CPU
		Release|Any CPU = Release|Any CPU
	EndGlobalSection
	GlobalSection(ProjectConfigurationPlatforms) = postSolution
		{2B58E3FE-3CB8-4B8F-821C-FAD532DC6AB9}.Debug|Any CPU.ActiveCfg = Debug|Any CPU
		{2B58E3FE-3CB8-4B8F-821C-FAD532DC6AB9}.Debug|Any CPU.Build.0 = Debug|Any CPU
		{2B58E3FE-3CB8-4B8F-821C-FAD532DC6AB9}.PushDebugLocal|Any CPU.ActiveCfg = PushDebugLocal|Any CPU
		{2B58E3FE-3CB8-4B8F-821C-FAD532DC6AB9}.PushDebugLocal|Any CPU.Build.0 = PushDebugLocal|Any CPU
		{2B58E3FE-3CB8-4B8F-821C-FAD532DC6AB9}.PushReleaseNuget|Any CPU.ActiveCfg = PushReleaseNuget|Any CPU
		{2B58E3FE-3CB8-4B8F-821C-FAD532DC6AB9}.PushReleaseNuget|Any CPU.Build.0 = PushReleaseNuget|Any CPU
		{2B58E3FE-3CB8-4B8F-821C-FAD532DC6AB9}.Release|Any CPU.ActiveCfg = Release|Any CPU
		{2B58E3FE-3CB8-4B8F-821C-FAD532DC6AB9}.Release|Any CPU.Build.0 = Release|Any CPU
	EndGlobalSection
	GlobalSection(SolutionProperties) = preSolution
		HideSolutionNode = FALSE
	EndGlobalSection
	GlobalSection(ExtensibilityGlobals) = postSolution
		SolutionGuid = {59D454EC-B4C2-4EDB-BAD6-0803715D86D1}
	EndGlobalSection
EndGlobal
